// !$*UTF8*$!
{
	archiveVersion = 1;
	classes = {
	};
	objectVersion = 50;
	objects = {

/* Begin PBXBuildFile section */
		143B8803219D67A200A2B79C /* SideViewController.m in Sources */ = {isa = PBXBuildFile; fileRef = 143B8802219D67A200A2B79C /* SideViewController.m */; };
		143B8807219D8DDE00A2B79C /* SideTableViewCell.m in Sources */ = {isa = PBXBuildFile; fileRef = 143B8806219D8DDE00A2B79C /* SideTableViewCell.m */; };
		14528B50218304110005BF0C /* FakerNavbarViewController.m in Sources */ = {isa = PBXBuildFile; fileRef = 14528B4F218304110005BF0C /* FakerNavbarViewController.m */; };
		14662294218C3F0C000C26D2 /* ArticleViewController.m in Sources */ = {isa = PBXBuildFile; fileRef = 14662293218C3F0C000C26D2 /* ArticleViewController.m */; };
		1470209E218B2D3B0094DA56 /* LoginInfoModel.m in Sources */ = {isa = PBXBuildFile; fileRef = 1470209D218B2D3B0094DA56 /* LoginInfoModel.m */; };
		14B2BB2621991B3300EEDFA7 /* DataManager.m in Sources */ = {isa = PBXBuildFile; fileRef = 14B2BB2521991B3300EEDFA7 /* DataManager.m */; };
		14B2BB292199588F00EEDFA7 /* ResponseArticleListModel.m in Sources */ = {isa = PBXBuildFile; fileRef = 14B2BB282199588F00EEDFA7 /* ResponseArticleListModel.m */; };
		14B2BB2D21995CA800EEDFA7 /* ArticleTableCell.m in Sources */ = {isa = PBXBuildFile; fileRef = 14B2BB2C21995CA800EEDFA7 /* ArticleTableCell.m */; };
		14B2FD0F217980BD0065E8A4 /* AppDelegate.m in Sources */ = {isa = PBXBuildFile; fileRef = 14B2FD0E217980BD0065E8A4 /* AppDelegate.m */; };
		14B2FD15217980BD0065E8A4 /* Main.storyboard in Resources */ = {isa = PBXBuildFile; fileRef = 14B2FD13217980BD0065E8A4 /* Main.storyboard */; };
		14B2FD17217980C00065E8A4 /* Assets.xcassets in Resources */ = {isa = PBXBuildFile; fileRef = 14B2FD16217980C00065E8A4 /* Assets.xcassets */; };
		14B2FD1A217980C00065E8A4 /* LaunchScreen.storyboard in Resources */ = {isa = PBXBuildFile; fileRef = 14B2FD18217980C00065E8A4 /* LaunchScreen.storyboard */; };
		14B2FD1D217980C00065E8A4 /* main.m in Sources */ = {isa = PBXBuildFile; fileRef = 14B2FD1C217980C00065E8A4 /* main.m */; };
		14B2FD27217980C00065E8A4 /* ReadRssTests.m in Sources */ = {isa = PBXBuildFile; fileRef = 14B2FD26217980C00065E8A4 /* ReadRssTests.m */; };
		14B2FD32217980C10065E8A4 /* ReadRssUITests.m in Sources */ = {isa = PBXBuildFile; fileRef = 14B2FD31217980C10065E8A4 /* ReadRssUITests.m */; };
		14B2FD482179B4080065E8A4 /* HomeViewController.m in Sources */ = {isa = PBXBuildFile; fileRef = 14B2FD472179B4080065E8A4 /* HomeViewController.m */; };
		14B2FD502179D0B30065E8A4 /* NetworkClient.m in Sources */ = {isa = PBXBuildFile; fileRef = 14B2FD4F2179D0B30065E8A4 /* NetworkClient.m */; };
		14BF895B218AD82500DC64B4 /* ToolUtils.m in Sources */ = {isa = PBXBuildFile; fileRef = 14BF895A218AD82500DC64B4 /* ToolUtils.m */; };
		14BF895E218ADF9700DC64B4 /* NetworkModel.m in Sources */ = {isa = PBXBuildFile; fileRef = 14BF895D218ADF9700DC64B4 /* NetworkModel.m */; };
		14BF8962218B095F00DC64B4 /* RssInfoModel.m in Sources */ = {isa = PBXBuildFile; fileRef = 14BF8961218B095F00DC64B4 /* RssInfoModel.m */; };
		14BF8966218B0A3000DC64B4 /* ResponseAddRssModel.m in Sources */ = {isa = PBXBuildFile; fileRef = 14BF8965218B0A3000DC64B4 /* ResponseAddRssModel.m */; };
		14BF8969218B245100DC64B4 /* ResponseLoginModel.m in Sources */ = {isa = PBXBuildFile; fileRef = 14BF8968218B245100DC64B4 /* ResponseLoginModel.m */; };
		14C7B746218BFC2B0066EA1A /* RssInfoTableCell.m in Sources */ = {isa = PBXBuildFile; fileRef = 14C7B745218BFC2B0066EA1A /* RssInfoTableCell.m */; };
		14DB0A002191CF4C00E2AAB0 /* ArticleModel.m in Sources */ = {isa = PBXBuildFile; fileRef = 14DB09FF2191CF4C00E2AAB0 /* ArticleModel.m */; };
		14EC539A2186F6CB0061869E /* AddLinkViewController.m in Sources */ = {isa = PBXBuildFile; fileRef = 14EC53992186F6CB0061869E /* AddLinkViewController.m */; };
		14EC539F21872F7E0061869E /* UIImage+Color.m in Sources */ = {isa = PBXBuildFile; fileRef = 14EC539E21872F7E0061869E /* UIImage+Color.m */; };
		ED638CA690423BDA410061AC /* libPods-Common-ReadRss.a in Frameworks */ = {isa = PBXBuildFile; fileRef = 0D87F8D4EB619277089A6E43 /* libPods-Common-ReadRss.a */; };
/* End PBXBuildFile section */

/* Begin PBXContainerItemProxy section */
		14B2FD23217980C00065E8A4 /* PBXContainerItemProxy */ = {
			isa = PBXContainerItemProxy;
			containerPortal = 14B2FD02217980BD0065E8A4 /* Project object */;
			proxyType = 1;
			remoteGlobalIDString = 14B2FD09217980BD0065E8A4;
			remoteInfo = ReadRss;
		};
		14B2FD2E217980C00065E8A4 /* PBXContainerItemProxy */ = {
			isa = PBXContainerItemProxy;
			containerPortal = 14B2FD02217980BD0065E8A4 /* Project object */;
			proxyType = 1;
			remoteGlobalIDString = 14B2FD09217980BD0065E8A4;
			remoteInfo = ReadRss;
		};
/* End PBXContainerItemProxy section */

/* Begin PBXFileReference section */
		0D87F8D4EB619277089A6E43 /* libPods-Common-ReadRss.a */ = {isa = PBXFileReference; explicitFileType = archive.ar; includeInIndex = 0; path = "libPods-Common-ReadRss.a"; sourceTree = BUILT_PRODUCTS_DIR; };
		143B8801219D67A200A2B79C /* SideViewController.h */ = {isa = PBXFileReference; lastKnownFileType = sourcecode.c.h; path = SideViewController.h; sourceTree = "<group>"; };
		143B8802219D67A200A2B79C /* SideViewController.m */ = {isa = PBXFileReference; lastKnownFileType = sourcecode.c.objc; path = SideViewController.m; sourceTree = "<group>"; };
		143B8805219D8DDE00A2B79C /* SideTableViewCell.h */ = {isa = PBXFileReference; lastKnownFileType = sourcecode.c.h; path = SideTableViewCell.h; sourceTree = "<group>"; };
		143B8806219D8DDE00A2B79C /* SideTableViewCell.m */ = {isa = PBXFileReference; lastKnownFileType = sourcecode.c.objc; path = SideTableViewCell.m; sourceTree = "<group>"; };
		14528B4E218304110005BF0C /* FakerNavbarViewController.h */ = {isa = PBXFileReference; lastKnownFileType = sourcecode.c.h; path = FakerNavbarViewController.h; sourceTree = "<group>"; };
		14528B4F218304110005BF0C /* FakerNavbarViewController.m */ = {isa = PBXFileReference; lastKnownFileType = sourcecode.c.objc; path = FakerNavbarViewController.m; sourceTree = "<group>"; };
		14662292218C3F0C000C26D2 /* ArticleViewController.h */ = {isa = PBXFileReference; lastKnownFileType = sourcecode.c.h; path = ArticleViewController.h; sourceTree = "<group>"; };
		14662293218C3F0C000C26D2 /* ArticleViewController.m */ = {isa = PBXFileReference; lastKnownFileType = sourcecode.c.objc; path = ArticleViewController.m; sourceTree = "<group>"; };
		1470209C218B2D3B0094DA56 /* LoginInfoModel.h */ = {isa = PBXFileReference; lastKnownFileType = sourcecode.c.h; path = LoginInfoModel.h; sourceTree = "<group>"; };
		1470209D218B2D3B0094DA56 /* LoginInfoModel.m */ = {isa = PBXFileReference; lastKnownFileType = sourcecode.c.objc; path = LoginInfoModel.m; sourceTree = "<group>"; };
		14B2BB2421991B3300EEDFA7 /* DataManager.h */ = {isa = PBXFileReference; lastKnownFileType = sourcecode.c.h; path = DataManager.h; sourceTree = "<group>"; };
		14B2BB2521991B3300EEDFA7 /* DataManager.m */ = {isa = PBXFileReference; lastKnownFileType = sourcecode.c.objc; path = DataManager.m; sourceTree = "<group>"; };
		14B2BB272199588E00EEDFA7 /* ResponseArticleListModel.h */ = {isa = PBXFileReference; lastKnownFileType = sourcecode.c.h; path = ResponseArticleListModel.h; sourceTree = "<group>"; };
		14B2BB282199588F00EEDFA7 /* ResponseArticleListModel.m */ = {isa = PBXFileReference; lastKnownFileType = sourcecode.c.objc; path = ResponseArticleListModel.m; sourceTree = "<group>"; };
		14B2BB2B21995CA800EEDFA7 /* ArticleTableCell.h */ = {isa = PBXFileReference; lastKnownFileType = sourcecode.c.h; path = ArticleTableCell.h; sourceTree = "<group>"; };
		14B2BB2C21995CA800EEDFA7 /* ArticleTableCell.m */ = {isa = PBXFileReference; lastKnownFileType = sourcecode.c.objc; path = ArticleTableCell.m; sourceTree = "<group>"; };
		14B2FD0A217980BD0065E8A4 /* ReadRss.app */ = {isa = PBXFileReference; explicitFileType = wrapper.application; includeInIndex = 0; path = ReadRss.app; sourceTree = BUILT_PRODUCTS_DIR; };
		14B2FD0D217980BD0065E8A4 /* AppDelegate.h */ = {isa = PBXFileReference; lastKnownFileType = sourcecode.c.h; path = AppDelegate.h; sourceTree = "<group>"; };
		14B2FD0E217980BD0065E8A4 /* AppDelegate.m */ = {isa = PBXFileReference; lastKnownFileType = sourcecode.c.objc; path = AppDelegate.m; sourceTree = "<group>"; };
		14B2FD14217980BD0065E8A4 /* Base */ = {isa = PBXFileReference; lastKnownFileType = file.storyboard; name = Base; path = Base.lproj/Main.storyboard; sourceTree = "<group>"; };
		14B2FD16217980C00065E8A4 /* Assets.xcassets */ = {isa = PBXFileReference; lastKnownFileType = folder.assetcatalog; path = Assets.xcassets; sourceTree = "<group>"; };
		14B2FD19217980C00065E8A4 /* Base */ = {isa = PBXFileReference; lastKnownFileType = file.storyboard; name = Base; path = Base.lproj/LaunchScreen.storyboard; sourceTree = "<group>"; };
		14B2FD1B217980C00065E8A4 /* Info.plist */ = {isa = PBXFileReference; lastKnownFileType = text.plist.xml; path = Info.plist; sourceTree = "<group>"; };
		14B2FD1C217980C00065E8A4 /* main.m */ = {isa = PBXFileReference; lastKnownFileType = sourcecode.c.objc; path = main.m; sourceTree = "<group>"; };
		14B2FD22217980C00065E8A4 /* ReadRssTests.xctest */ = {isa = PBXFileReference; explicitFileType = wrapper.cfbundle; includeInIndex = 0; path = ReadRssTests.xctest; sourceTree = BUILT_PRODUCTS_DIR; };
		14B2FD26217980C00065E8A4 /* ReadRssTests.m */ = {isa = PBXFileReference; lastKnownFileType = sourcecode.c.objc; path = ReadRssTests.m; sourceTree = "<group>"; };
		14B2FD28217980C00065E8A4 /* Info.plist */ = {isa = PBXFileReference; lastKnownFileType = text.plist.xml; path = Info.plist; sourceTree = "<group>"; };
		14B2FD2D217980C00065E8A4 /* ReadRssUITests.xctest */ = {isa = PBXFileReference; explicitFileType = wrapper.cfbundle; includeInIndex = 0; path = ReadRssUITests.xctest; sourceTree = BUILT_PRODUCTS_DIR; };
		14B2FD31217980C10065E8A4 /* ReadRssUITests.m */ = {isa = PBXFileReference; lastKnownFileType = sourcecode.c.objc; path = ReadRssUITests.m; sourceTree = "<group>"; };
		14B2FD33217980C10065E8A4 /* Info.plist */ = {isa = PBXFileReference; lastKnownFileType = text.plist.xml; path = Info.plist; sourceTree = "<group>"; };
		14B2FD402179AEAD0065E8A4 /* ReadRss.pch */ = {isa = PBXFileReference; lastKnownFileType = sourcecode.c.h; path = ReadRss.pch; sourceTree = "<group>"; };
		14B2FD412179AEC00065E8A4 /* Constants.h */ = {isa = PBXFileReference; lastKnownFileType = sourcecode.c.h; path = Constants.h; sourceTree = "<group>"; };
		14B2FD462179B4080065E8A4 /* HomeViewController.h */ = {isa = PBXFileReference; lastKnownFileType = sourcecode.c.h; path = HomeViewController.h; sourceTree = "<group>"; };
		14B2FD472179B4080065E8A4 /* HomeViewController.m */ = {isa = PBXFileReference; lastKnownFileType = sourcecode.c.objc; path = HomeViewController.m; sourceTree = "<group>"; };
		14B2FD4E2179D0B30065E8A4 /* NetworkClient.h */ = {isa = PBXFileReference; lastKnownFileType = sourcecode.c.h; path = NetworkClient.h; sourceTree = "<group>"; };
		14B2FD4F2179D0B30065E8A4 /* NetworkClient.m */ = {isa = PBXFileReference; lastKnownFileType = sourcecode.c.objc; path = NetworkClient.m; sourceTree = "<group>"; };
		14BF8959218AD82500DC64B4 /* ToolUtils.h */ = {isa = PBXFileReference; lastKnownFileType = sourcecode.c.h; path = ToolUtils.h; sourceTree = "<group>"; };
		14BF895A218AD82500DC64B4 /* ToolUtils.m */ = {isa = PBXFileReference; lastKnownFileType = sourcecode.c.objc; path = ToolUtils.m; sourceTree = "<group>"; };
		14BF895C218ADF9700DC64B4 /* NetworkModel.h */ = {isa = PBXFileReference; lastKnownFileType = sourcecode.c.h; path = NetworkModel.h; sourceTree = "<group>"; };
		14BF895D218ADF9700DC64B4 /* NetworkModel.m */ = {isa = PBXFileReference; lastKnownFileType = sourcecode.c.objc; path = NetworkModel.m; sourceTree = "<group>"; };
		14BF8960218B095F00DC64B4 /* RssInfoModel.h */ = {isa = PBXFileReference; lastKnownFileType = sourcecode.c.h; path = RssInfoModel.h; sourceTree = "<group>"; };
		14BF8961218B095F00DC64B4 /* RssInfoModel.m */ = {isa = PBXFileReference; lastKnownFileType = sourcecode.c.objc; path = RssInfoModel.m; sourceTree = "<group>"; };
		14BF8964218B0A3000DC64B4 /* ResponseAddRssModel.h */ = {isa = PBXFileReference; lastKnownFileType = sourcecode.c.h; path = ResponseAddRssModel.h; sourceTree = "<group>"; };
		14BF8965218B0A3000DC64B4 /* ResponseAddRssModel.m */ = {isa = PBXFileReference; lastKnownFileType = sourcecode.c.objc; path = ResponseAddRssModel.m; sourceTree = "<group>"; };
		14BF8967218B245100DC64B4 /* ResponseLoginModel.h */ = {isa = PBXFileReference; lastKnownFileType = sourcecode.c.h; path = ResponseLoginModel.h; sourceTree = "<group>"; };
		14BF8968218B245100DC64B4 /* ResponseLoginModel.m */ = {isa = PBXFileReference; lastKnownFileType = sourcecode.c.objc; path = ResponseLoginModel.m; sourceTree = "<group>"; };
		14C7B744218BFC2B0066EA1A /* RssInfoTableCell.h */ = {isa = PBXFileReference; lastKnownFileType = sourcecode.c.h; path = RssInfoTableCell.h; sourceTree = "<group>"; };
		14C7B745218BFC2B0066EA1A /* RssInfoTableCell.m */ = {isa = PBXFileReference; lastKnownFileType = sourcecode.c.objc; path = RssInfoTableCell.m; sourceTree = "<group>"; };
		14DB09FE2191CF4C00E2AAB0 /* ArticleModel.h */ = {isa = PBXFileReference; lastKnownFileType = sourcecode.c.h; path = ArticleModel.h; sourceTree = "<group>"; };
		14DB09FF2191CF4C00E2AAB0 /* ArticleModel.m */ = {isa = PBXFileReference; lastKnownFileType = sourcecode.c.objc; path = ArticleModel.m; sourceTree = "<group>"; };
		14EC53982186F6CB0061869E /* AddLinkViewController.h */ = {isa = PBXFileReference; lastKnownFileType = sourcecode.c.h; path = AddLinkViewController.h; sourceTree = "<group>"; };
		14EC53992186F6CB0061869E /* AddLinkViewController.m */ = {isa = PBXFileReference; lastKnownFileType = sourcecode.c.objc; path = AddLinkViewController.m; sourceTree = "<group>"; };
		14EC539D21872F7E0061869E /* UIImage+Color.h */ = {isa = PBXFileReference; lastKnownFileType = sourcecode.c.h; path = "UIImage+Color.h"; sourceTree = "<group>"; };
		14EC539E21872F7E0061869E /* UIImage+Color.m */ = {isa = PBXFileReference; lastKnownFileType = sourcecode.c.objc; path = "UIImage+Color.m"; sourceTree = "<group>"; };
		34E529D8584CAA1F5740FE15 /* Pods-Common-ReadRss.debug.xcconfig */ = {isa = PBXFileReference; includeInIndex = 1; lastKnownFileType = text.xcconfig; name = "Pods-Common-ReadRss.debug.xcconfig"; path = "Pods/Target Support Files/Pods-Common-ReadRss/Pods-Common-ReadRss.debug.xcconfig"; sourceTree = "<group>"; };
		6F657B823F40A7BFCAA6CBE0 /* Pods-Common-ReadRss.release.xcconfig */ = {isa = PBXFileReference; includeInIndex = 1; lastKnownFileType = text.xcconfig; name = "Pods-Common-ReadRss.release.xcconfig"; path = "Pods/Target Support Files/Pods-Common-ReadRss/Pods-Common-ReadRss.release.xcconfig"; sourceTree = "<group>"; };
/* End PBXFileReference section */

/* Begin PBXFrameworksBuildPhase section */
		14B2FD07217980BD0065E8A4 /* Frameworks */ = {
			isa = PBXFrameworksBuildPhase;
			buildActionMask = 2147483647;
			files = (
				ED638CA690423BDA410061AC /* libPods-Common-ReadRss.a in Frameworks */,
			);
			runOnlyForDeploymentPostprocessing = 0;
		};
		14B2FD1F217980C00065E8A4 /* Frameworks */ = {
			isa = PBXFrameworksBuildPhase;
			buildActionMask = 2147483647;
			files = (
			);
			runOnlyForDeploymentPostprocessing = 0;
		};
		14B2FD2A217980C00065E8A4 /* Frameworks */ = {
			isa = PBXFrameworksBuildPhase;
			buildActionMask = 2147483647;
			files = (
			);
			runOnlyForDeploymentPostprocessing = 0;
		};
/* End PBXFrameworksBuildPhase section */

/* Begin PBXGroup section */
		0E6CEDCACE61B42E3A6DF2C7 /* Frameworks */ = {
			isa = PBXGroup;
			children = (
				0D87F8D4EB619277089A6E43 /* libPods-Common-ReadRss.a */,
			);
			name = Frameworks;
			sourceTree = "<group>";
		};
		143B8800219D677400A2B79C /* SideViewController */ = {
			isa = PBXGroup;
			children = (
				143B8801219D67A200A2B79C /* SideViewController.h */,
				143B8802219D67A200A2B79C /* SideViewController.m */,
			);
			path = SideViewController;
			sourceTree = "<group>";
		};
		143B8804219D8DAB00A2B79C /* SideCell */ = {
			isa = PBXGroup;
			children = (
				143B8805219D8DDE00A2B79C /* SideTableViewCell.h */,
				143B8806219D8DDE00A2B79C /* SideTableViewCell.m */,
			);
			path = SideCell;
			sourceTree = "<group>";
		};
		14662291218C3EAF000C26D2 /* ArticleViewController */ = {
			isa = PBXGroup;
			children = (
				14662292218C3F0C000C26D2 /* ArticleViewController.h */,
				14662293218C3F0C000C26D2 /* ArticleViewController.m */,
			);
			path = ArticleViewController;
			sourceTree = "<group>";
		};
		14B2BB2321991B2000EEDFA7 /* Datas */ = {
			isa = PBXGroup;
			children = (
				14B2BB2421991B3300EEDFA7 /* DataManager.h */,
				14B2BB2521991B3300EEDFA7 /* DataManager.m */,
			);
			path = Datas;
			sourceTree = "<group>";
		};
		14B2BB2A21995C7B00EEDFA7 /* ArticleCell */ = {
			isa = PBXGroup;
			children = (
				14B2BB2B21995CA800EEDFA7 /* ArticleTableCell.h */,
				14B2BB2C21995CA800EEDFA7 /* ArticleTableCell.m */,
			);
			path = ArticleCell;
			sourceTree = "<group>";
		};
		14B2FD01217980BD0065E8A4 = {
			isa = PBXGroup;
			children = (
				14B2FD0C217980BD0065E8A4 /* ReadRss */,
				14B2FD25217980C00065E8A4 /* ReadRssTests */,
				14B2FD30217980C00065E8A4 /* ReadRssUITests */,
				14B2FD0B217980BD0065E8A4 /* Products */,
				923133B1F0598D249C8833DD /* Pods */,
				0E6CEDCACE61B42E3A6DF2C7 /* Frameworks */,
			);
			sourceTree = "<group>";
		};
		14B2FD0B217980BD0065E8A4 /* Products */ = {
			isa = PBXGroup;
			children = (
				14B2FD0A217980BD0065E8A4 /* ReadRss.app */,
				14B2FD22217980C00065E8A4 /* ReadRssTests.xctest */,
				14B2FD2D217980C00065E8A4 /* ReadRssUITests.xctest */,
			);
			name = Products;
			sourceTree = "<group>";
		};
		14B2FD0C217980BD0065E8A4 /* ReadRss */ = {
			isa = PBXGroup;
			children = (
				14BF895F218B094700DC64B4 /* Models */,
				14EC53972186F6AA0061869E /* Views */,
				14B2FD492179BF940065E8A4 /* Common */,
				14B2FD442179B3C60065E8A4 /* ViewControllers */,
				14B2FD422179AFFC0065E8A4 /* Component */,
				14B2FD3F2179AE820065E8A4 /* Support */,
				14B2FD0D217980BD0065E8A4 /* AppDelegate.h */,
				14B2FD0E217980BD0065E8A4 /* AppDelegate.m */,
				14B2FD13217980BD0065E8A4 /* Main.storyboard */,
				14B2FD16217980C00065E8A4 /* Assets.xcassets */,
				14B2FD18217980C00065E8A4 /* LaunchScreen.storyboard */,
				14B2FD1B217980C00065E8A4 /* Info.plist */,
				14B2FD1C217980C00065E8A4 /* main.m */,
			);
			path = ReadRss;
			sourceTree = "<group>";
		};
		14B2FD25217980C00065E8A4 /* ReadRssTests */ = {
			isa = PBXGroup;
			children = (
				14B2FD26217980C00065E8A4 /* ReadRssTests.m */,
				14B2FD28217980C00065E8A4 /* Info.plist */,
			);
			path = ReadRssTests;
			sourceTree = "<group>";
		};
		14B2FD30217980C00065E8A4 /* ReadRssUITests */ = {
			isa = PBXGroup;
			children = (
				14B2FD31217980C10065E8A4 /* ReadRssUITests.m */,
				14B2FD33217980C10065E8A4 /* Info.plist */,
			);
			path = ReadRssUITests;
			sourceTree = "<group>";
		};
		14B2FD3F2179AE820065E8A4 /* Support */ = {
			isa = PBXGroup;
			children = (
				14B2FD402179AEAD0065E8A4 /* ReadRss.pch */,
				14B2FD412179AEC00065E8A4 /* Constants.h */,
			);
			path = Support;
			sourceTree = "<group>";
		};
		14B2FD422179AFFC0065E8A4 /* Component */ = {
			isa = PBXGroup;
			children = (
				14EC539C21872F540061869E /* UIImage+Color */,
				14B2FD432179B0150065E8A4 /* FakeNavbarView */,
			);
			path = Component;
			sourceTree = "<group>";
		};
		14B2FD432179B0150065E8A4 /* FakeNavbarView */ = {
			isa = PBXGroup;
			children = (
				14528B4E218304110005BF0C /* FakerNavbarViewController.h */,
				14528B4F218304110005BF0C /* FakerNavbarViewController.m */,
			);
			path = FakeNavbarView;
			sourceTree = "<group>";
		};
		14B2FD442179B3C60065E8A4 /* ViewControllers */ = {
			isa = PBXGroup;
			children = (
				143B8800219D677400A2B79C /* SideViewController */,
				14662291218C3EAF000C26D2 /* ArticleViewController */,
				14B2FD452179B3E80065E8A4 /* HomeViewController */,
			);
			path = ViewControllers;
			sourceTree = "<group>";
		};
		14B2FD452179B3E80065E8A4 /* HomeViewController */ = {
			isa = PBXGroup;
			children = (
				14B2FD462179B4080065E8A4 /* HomeViewController.h */,
				14B2FD472179B4080065E8A4 /* HomeViewController.m */,
			);
			path = HomeViewController;
			sourceTree = "<group>";
		};
		14B2FD492179BF940065E8A4 /* Common */ = {
			isa = PBXGroup;
			children = (
				14B2BB2321991B2000EEDFA7 /* Datas */,
				14BF8958218AD80100DC64B4 /* ToolUtils */,
				14B2FD4D2179D08B0065E8A4 /* NetworkClient */,
			);
			path = Common;
			sourceTree = "<group>";
		};
		14B2FD4D2179D08B0065E8A4 /* NetworkClient */ = {
			isa = PBXGroup;
			children = (
				14BF8963218B0A0B00DC64B4 /* ResponseModels */,
				14B2FD4E2179D0B30065E8A4 /* NetworkClient.h */,
				14B2FD4F2179D0B30065E8A4 /* NetworkClient.m */,
				14BF895C218ADF9700DC64B4 /* NetworkModel.h */,
				14BF895D218ADF9700DC64B4 /* NetworkModel.m */,
			);
			path = NetworkClient;
			sourceTree = "<group>";
		};
		14BF8958218AD80100DC64B4 /* ToolUtils */ = {
			isa = PBXGroup;
			children = (
				14BF8959218AD82500DC64B4 /* ToolUtils.h */,
				14BF895A218AD82500DC64B4 /* ToolUtils.m */,
			);
			path = ToolUtils;
			sourceTree = "<group>";
		};
		14BF895F218B094700DC64B4 /* Models */ = {
			isa = PBXGroup;
			children = (
				14BF8960218B095F00DC64B4 /* RssInfoModel.h */,
				14BF8961218B095F00DC64B4 /* RssInfoModel.m */,
				1470209C218B2D3B0094DA56 /* LoginInfoModel.h */,
				1470209D218B2D3B0094DA56 /* LoginInfoModel.m */,
				14DB09FE2191CF4C00E2AAB0 /* ArticleModel.h */,
				14DB09FF2191CF4C00E2AAB0 /* ArticleModel.m */,
			);
			path = Models;
			sourceTree = "<group>";
		};
		14BF8963218B0A0B00DC64B4 /* ResponseModels */ = {
			isa = PBXGroup;
			children = (
				14BF8964218B0A3000DC64B4 /* ResponseAddRssModel.h */,
				14BF8965218B0A3000DC64B4 /* ResponseAddRssModel.m */,
				14BF8967218B245100DC64B4 /* ResponseLoginModel.h */,
				14BF8968218B245100DC64B4 /* ResponseLoginModel.m */,
				14B2BB272199588E00EEDFA7 /* ResponseArticleListModel.h */,
				14B2BB282199588F00EEDFA7 /* ResponseArticleListModel.m */,
			);
			path = ResponseModels;
			sourceTree = "<group>";
		};
		14C7B743218BFBFB0066EA1A /* RssInfoCell */ = {
			isa = PBXGroup;
			children = (
				14C7B744218BFC2B0066EA1A /* RssInfoTableCell.h */,
				14C7B745218BFC2B0066EA1A /* RssInfoTableCell.m */,
			);
			path = RssInfoCell;
			sourceTree = "<group>";
		};
		14EC53972186F6AA0061869E /* Views */ = {
			isa = PBXGroup;
			children = (
				143B8804219D8DAB00A2B79C /* SideCell */,
				14B2BB2A21995C7B00EEDFA7 /* ArticleCell */,
				14C7B743218BFBFB0066EA1A /* RssInfoCell */,
				14EC539B2186F6D10061869E /* AddLink */,
			);
			path = Views;
			sourceTree = "<group>";
		};
		14EC539B2186F6D10061869E /* AddLink */ = {
			isa = PBXGroup;
			children = (
				14EC53982186F6CB0061869E /* AddLinkViewController.h */,
				14EC53992186F6CB0061869E /* AddLinkViewController.m */,
			);
			path = AddLink;
			sourceTree = "<group>";
		};
		14EC539C21872F540061869E /* UIImage+Color */ = {
			isa = PBXGroup;
			children = (
				14EC539D21872F7E0061869E /* UIImage+Color.h */,
				14EC539E21872F7E0061869E /* UIImage+Color.m */,
			);
			path = "UIImage+Color";
			sourceTree = "<group>";
		};
		923133B1F0598D249C8833DD /* Pods */ = {
			isa = PBXGroup;
			children = (
				34E529D8584CAA1F5740FE15 /* Pods-Common-ReadRss.debug.xcconfig */,
				6F657B823F40A7BFCAA6CBE0 /* Pods-Common-ReadRss.release.xcconfig */,
			);
			name = Pods;
			sourceTree = "<group>";
		};
/* End PBXGroup section */

/* Begin PBXNativeTarget section */
		14B2FD09217980BD0065E8A4 /* ReadRss */ = {
			isa = PBXNativeTarget;
			buildConfigurationList = 14B2FD36217980C10065E8A4 /* Build configuration list for PBXNativeTarget "ReadRss" */;
			buildPhases = (
				5B470233FC160499DA29FE1D /* [CP] Check Pods Manifest.lock */,
				14B2FD06217980BD0065E8A4 /* Sources */,
				14B2FD07217980BD0065E8A4 /* Frameworks */,
				14B2FD08217980BD0065E8A4 /* Resources */,
				FF8115CDD127673C6D513F98 /* [CP] Copy Pods Resources */,
			);
			buildRules = (
			);
			dependencies = (
			);
			name = ReadRss;
			productName = ReadRss;
			productReference = 14B2FD0A217980BD0065E8A4 /* ReadRss.app */;
			productType = "com.apple.product-type.application";
		};
		14B2FD21217980C00065E8A4 /* ReadRssTests */ = {
			isa = PBXNativeTarget;
			buildConfigurationList = 14B2FD39217980C10065E8A4 /* Build configuration list for PBXNativeTarget "ReadRssTests" */;
			buildPhases = (
				14B2FD1E217980C00065E8A4 /* Sources */,
				14B2FD1F217980C00065E8A4 /* Frameworks */,
				14B2FD20217980C00065E8A4 /* Resources */,
			);
			buildRules = (
			);
			dependencies = (
				14B2FD24217980C00065E8A4 /* PBXTargetDependency */,
			);
			name = ReadRssTests;
			productName = ReadRssTests;
			productReference = 14B2FD22217980C00065E8A4 /* ReadRssTests.xctest */;
			productType = "com.apple.product-type.bundle.unit-test";
		};
		14B2FD2C217980C00065E8A4 /* ReadRssUITests */ = {
			isa = PBXNativeTarget;
			buildConfigurationList = 14B2FD3C217980C10065E8A4 /* Build configuration list for PBXNativeTarget "ReadRssUITests" */;
			buildPhases = (
				14B2FD29217980C00065E8A4 /* Sources */,
				14B2FD2A217980C00065E8A4 /* Frameworks */,
				14B2FD2B217980C00065E8A4 /* Resources */,
			);
			buildRules = (
			);
			dependencies = (
				14B2FD2F217980C00065E8A4 /* PBXTargetDependency */,
			);
			name = ReadRssUITests;
			productName = ReadRssUITests;
			productReference = 14B2FD2D217980C00065E8A4 /* ReadRssUITests.xctest */;
			productType = "com.apple.product-type.bundle.ui-testing";
		};
/* End PBXNativeTarget section */

/* Begin PBXProject section */
		14B2FD02217980BD0065E8A4 /* Project object */ = {
			isa = PBXProject;
			attributes = {
				LastUpgradeCheck = 1000;
				ORGANIZATIONNAME = cheng;
				TargetAttributes = {
					14B2FD09217980BD0065E8A4 = {
						CreatedOnToolsVersion = 10.0;
					};
					14B2FD21217980C00065E8A4 = {
						CreatedOnToolsVersion = 10.0;
						TestTargetID = 14B2FD09217980BD0065E8A4;
					};
					14B2FD2C217980C00065E8A4 = {
						CreatedOnToolsVersion = 10.0;
						TestTargetID = 14B2FD09217980BD0065E8A4;
					};
				};
			};
			buildConfigurationList = 14B2FD05217980BD0065E8A4 /* Build configuration list for PBXProject "ReadRss" */;
			compatibilityVersion = "Xcode 9.3";
			developmentRegion = en;
			hasScannedForEncodings = 0;
			knownRegions = (
				en,
				Base,
			);
			mainGroup = 14B2FD01217980BD0065E8A4;
			productRefGroup = 14B2FD0B217980BD0065E8A4 /* Products */;
			projectDirPath = "";
			projectRoot = "";
			targets = (
				14B2FD09217980BD0065E8A4 /* ReadRss */,
				14B2FD21217980C00065E8A4 /* ReadRssTests */,
				14B2FD2C217980C00065E8A4 /* ReadRssUITests */,
			);
		};
/* End PBXProject section */

/* Begin PBXResourcesBuildPhase section */
		14B2FD08217980BD0065E8A4 /* Resources */ = {
			isa = PBXResourcesBuildPhase;
			buildActionMask = 2147483647;
			files = (
				14B2FD1A217980C00065E8A4 /* LaunchScreen.storyboard in Resources */,
				14B2FD17217980C00065E8A4 /* Assets.xcassets in Resources */,
				14B2FD15217980BD0065E8A4 /* Main.storyboard in Resources */,
			);
			runOnlyForDeploymentPostprocessing = 0;
		};
		14B2FD20217980C00065E8A4 /* Resources */ = {
			isa = PBXResourcesBuildPhase;
			buildActionMask = 2147483647;
			files = (
			);
			runOnlyForDeploymentPostprocessing = 0;
		};
		14B2FD2B217980C00065E8A4 /* Resources */ = {
			isa = PBXResourcesBuildPhase;
			buildActionMask = 2147483647;
			files = (
			);
			runOnlyForDeploymentPostprocessing = 0;
		};
/* End PBXResourcesBuildPhase section */

/* Begin PBXShellScriptBuildPhase section */
		5B470233FC160499DA29FE1D /* [CP] Check Pods Manifest.lock */ = {
			isa = PBXShellScriptBuildPhase;
			buildActionMask = 2147483647;
			files = (
			);
			inputFileListPaths = (
			);
			inputPaths = (
				"${PODS_PODFILE_DIR_PATH}/Podfile.lock",
				"${PODS_ROOT}/Manifest.lock",
			);
			name = "[CP] Check Pods Manifest.lock";
			outputFileListPaths = (
			);
			outputPaths = (
				"$(DERIVED_FILE_DIR)/Pods-Common-ReadRss-checkManifestLockResult.txt",
			);
			runOnlyForDeploymentPostprocessing = 0;
			shellPath = /bin/sh;
			shellScript = "diff \"${PODS_PODFILE_DIR_PATH}/Podfile.lock\" \"${PODS_ROOT}/Manifest.lock\" > /dev/null\nif [ $? != 0 ] ; then\n    # print error to STDERR\n    echo \"error: The sandbox is not in sync with the Podfile.lock. Run 'pod install' or update your CocoaPods installation.\" >&2\n    exit 1\nfi\n# This output is used by Xcode 'outputs' to avoid re-running this script phase.\necho \"SUCCESS\" > \"${SCRIPT_OUTPUT_FILE_0}\"\n";
			showEnvVarsInLog = 0;
		};
		FF8115CDD127673C6D513F98 /* [CP] Copy Pods Resources */ = {
			isa = PBXShellScriptBuildPhase;
			buildActionMask = 2147483647;
			files = (
			);
			inputFileListPaths = (
			);
			inputPaths = (
				"${SRCROOT}/Pods/Target Support Files/Pods-Common-ReadRss/Pods-Common-ReadRss-resources.sh",
				"${PODS_CONFIGURATION_BUILD_DIR}/JGProgressHUD/JGProgressHUD.bundle",
			);
			name = "[CP] Copy Pods Resources";
			outputFileListPaths = (
			);
			outputPaths = (
				"${TARGET_BUILD_DIR}/${UNLOCALIZED_RESOURCES_FOLDER_PATH}/JGProgressHUD.bundle",
			);
			runOnlyForDeploymentPostprocessing = 0;
			shellPath = /bin/sh;
			shellScript = "\"${SRCROOT}/Pods/Target Support Files/Pods-Common-ReadRss/Pods-Common-ReadRss-resources.sh\"\n";
			showEnvVarsInLog = 0;
		};
/* End PBXShellScriptBuildPhase section */

/* Begin PBXSourcesBuildPhase section */
		14B2FD06217980BD0065E8A4 /* Sources */ = {
			isa = PBXSourcesBuildPhase;
			buildActionMask = 2147483647;
			files = (
				14B2FD502179D0B30065E8A4 /* NetworkClient.m in Sources */,
				14B2BB292199588F00EEDFA7 /* ResponseArticleListModel.m in Sources */,
				14C7B746218BFC2B0066EA1A /* RssInfoTableCell.m in Sources */,
				14528B50218304110005BF0C /* FakerNavbarViewController.m in Sources */,
				14EC539F21872F7E0061869E /* UIImage+Color.m in Sources */,
				14B2BB2621991B3300EEDFA7 /* DataManager.m in Sources */,
				1470209E218B2D3B0094DA56 /* LoginInfoModel.m in Sources */,
				14662294218C3F0C000C26D2 /* ArticleViewController.m in Sources */,
				14B2FD1D217980C00065E8A4 /* main.m in Sources */,
				14BF8969218B245100DC64B4 /* ResponseLoginModel.m in Sources */,
				14BF8962218B095F00DC64B4 /* RssInfoModel.m in Sources */,
				14B2FD0F217980BD0065E8A4 /* AppDelegate.m in Sources */,
				143B8807219D8DDE00A2B79C /* SideTableViewCell.m in Sources */,
				14BF8966218B0A3000DC64B4 /* ResponseAddRssModel.m in Sources */,
				14BF895E218ADF9700DC64B4 /* NetworkModel.m in Sources */,
				14BF895B218AD82500DC64B4 /* ToolUtils.m in Sources */,
				143B8803219D67A200A2B79C /* SideViewController.m in Sources */,
				14EC539A2186F6CB0061869E /* AddLinkViewController.m in Sources */,
				14DB0A002191CF4C00E2AAB0 /* ArticleModel.m in Sources */,
				14B2BB2D21995CA800EEDFA7 /* ArticleTableCell.m in Sources */,
				14B2FD482179B4080065E8A4 /* HomeViewController.m in Sources */,
			);
			runOnlyForDeploymentPostprocessing = 0;
		};
		14B2FD1E217980C00065E8A4 /* Sources */ = {
			isa = PBXSourcesBuildPhase;
			buildActionMask = 2147483647;
			files = (
				14B2FD27217980C00065E8A4 /* ReadRssTests.m in Sources */,
			);
			runOnlyForDeploymentPostprocessing = 0;
		};
		14B2FD29217980C00065E8A4 /* Sources */ = {
			isa = PBXSourcesBuildPhase;
			buildActionMask = 2147483647;
			files = (
				14B2FD32217980C10065E8A4 /* ReadRssUITests.m in Sources */,
			);
			runOnlyForDeploymentPostprocessing = 0;
		};
/* End PBXSourcesBuildPhase section */

/* Begin PBXTargetDependency section */
		14B2FD24217980C00065E8A4 /* PBXTargetDependency */ = {
			isa = PBXTargetDependency;
			target = 14B2FD09217980BD0065E8A4 /* ReadRss */;
			targetProxy = 14B2FD23217980C00065E8A4 /* PBXContainerItemProxy */;
		};
		14B2FD2F217980C00065E8A4 /* PBXTargetDependency */ = {
			isa = PBXTargetDependency;
			target = 14B2FD09217980BD0065E8A4 /* ReadRss */;
			targetProxy = 14B2FD2E217980C00065E8A4 /* PBXContainerItemProxy */;
		};
/* End PBXTargetDependency section */

/* Begin PBXVariantGroup section */
		14B2FD13217980BD0065E8A4 /* Main.storyboard */ = {
			isa = PBXVariantGroup;
			children = (
				14B2FD14217980BD0065E8A4 /* Base */,
			);
			name = Main.storyboard;
			sourceTree = "<group>";
		};
		14B2FD18217980C00065E8A4 /* LaunchScreen.storyboard */ = {
			isa = PBXVariantGroup;
			children = (
				14B2FD19217980C00065E8A4 /* Base */,
			);
			name = LaunchScreen.storyboard;
			sourceTree = "<group>";
		};
/* End PBXVariantGroup section */

/* Begin XCBuildConfiguration section */
		14B2FD34217980C10065E8A4 /* Debug */ = {
			isa = XCBuildConfiguration;
			buildSettings = {
				ALWAYS_SEARCH_USER_PATHS = NO;
				CLANG_ANALYZER_NONNULL = YES;
				CLANG_ANALYZER_NUMBER_OBJECT_CONVERSION = YES_AGGRESSIVE;
				CLANG_CXX_LANGUAGE_STANDARD = "gnu++14";
				CLANG_CXX_LIBRARY = "libc++";
				CLANG_ENABLE_MODULES = YES;
				CLANG_ENABLE_OBJC_ARC = YES;
				CLANG_ENABLE_OBJC_WEAK = YES;
				CLANG_WARN_BLOCK_CAPTURE_AUTORELEASING = YES;
				CLANG_WARN_BOOL_CONVERSION = YES;
				CLANG_WARN_COMMA = YES;
				CLANG_WARN_CONSTANT_CONVERSION = YES;
				CLANG_WARN_DEPRECATED_OBJC_IMPLEMENTATIONS = YES;
				CLANG_WARN_DIRECT_OBJC_ISA_USAGE = YES_ERROR;
				CLANG_WARN_DOCUMENTATION_COMMENTS = YES;
				CLANG_WARN_EMPTY_BODY = YES;
				CLANG_WARN_ENUM_CONVERSION = YES;
				CLANG_WARN_INFINITE_RECURSION = YES;
				CLANG_WARN_INT_CONVERSION = YES;
				CLANG_WARN_NON_LITERAL_NULL_CONVERSION = YES;
				CLANG_WARN_OBJC_IMPLICIT_RETAIN_SELF = YES;
				CLANG_WARN_OBJC_LITERAL_CONVERSION = YES;
				CLANG_WARN_OBJC_ROOT_CLASS = YES_ERROR;
				CLANG_WARN_RANGE_LOOP_ANALYSIS = YES;
				CLANG_WARN_STRICT_PROTOTYPES = YES;
				CLANG_WARN_SUSPICIOUS_MOVE = YES;
				CLANG_WARN_UNGUARDED_AVAILABILITY = YES_AGGRESSIVE;
				CLANG_WARN_UNREACHABLE_CODE = YES;
				CLANG_WARN__DUPLICATE_METHOD_MATCH = YES;
				CODE_SIGN_IDENTITY = "iPhone Developer";
				COPY_PHASE_STRIP = NO;
				DEBUG_INFORMATION_FORMAT = dwarf;
				ENABLE_STRICT_OBJC_MSGSEND = YES;
				ENABLE_TESTABILITY = YES;
				GCC_C_LANGUAGE_STANDARD = gnu11;
				GCC_DYNAMIC_NO_PIC = NO;
				GCC_NO_COMMON_BLOCKS = YES;
				GCC_OPTIMIZATION_LEVEL = 0;
				GCC_PREFIX_HEADER = ReadRss/Support/ReadRss.pch;
				GCC_PREPROCESSOR_DEFINITIONS = (
					"DEBUG=1",
					"$(inherited)",
				);
				GCC_WARN_64_TO_32_BIT_CONVERSION = YES;
				GCC_WARN_ABOUT_RETURN_TYPE = YES_ERROR;
				GCC_WARN_UNDECLARED_SELECTOR = YES;
				GCC_WARN_UNINITIALIZED_AUTOS = YES_AGGRESSIVE;
				GCC_WARN_UNUSED_FUNCTION = YES;
				GCC_WARN_UNUSED_VARIABLE = YES;
				IPHONEOS_DEPLOYMENT_TARGET = 12.0;
				MTL_ENABLE_DEBUG_INFO = INCLUDE_SOURCE;
				MTL_FAST_MATH = YES;
				ONLY_ACTIVE_ARCH = YES;
				SDKROOT = iphoneos;
			};
			name = Debug;
		};
		14B2FD35217980C10065E8A4 /* Release */ = {
			isa = XCBuildConfiguration;
			buildSettings = {
				ALWAYS_SEARCH_USER_PATHS = NO;
				CLANG_ANALYZER_NONNULL = YES;
				CLANG_ANALYZER_NUMBER_OBJECT_CONVERSION = YES_AGGRESSIVE;
				CLANG_CXX_LANGUAGE_STANDARD = "gnu++14";
				CLANG_CXX_LIBRARY = "libc++";
				CLANG_ENABLE_MODULES = YES;
				CLANG_ENABLE_OBJC_ARC = YES;
				CLANG_ENABLE_OBJC_WEAK = YES;
				CLANG_WARN_BLOCK_CAPTURE_AUTORELEASING = YES;
				CLANG_WARN_BOOL_CONVERSION = YES;
				CLANG_WARN_COMMA = YES;
				CLANG_WARN_CONSTANT_CONVERSION = YES;
				CLANG_WARN_DEPRECATED_OBJC_IMPLEMENTATIONS = YES;
				CLANG_WARN_DIRECT_OBJC_ISA_USAGE = YES_ERROR;
				CLANG_WARN_DOCUMENTATION_COMMENTS = YES;
				CLANG_WARN_EMPTY_BODY = YES;
				CLANG_WARN_ENUM_CONVERSION = YES;
				CLANG_WARN_INFINITE_RECURSION = YES;
				CLANG_WARN_INT_CONVERSION = YES;
				CLANG_WARN_NON_LITERAL_NULL_CONVERSION = YES;
				CLANG_WARN_OBJC_IMPLICIT_RETAIN_SELF = YES;
				CLANG_WARN_OBJC_LITERAL_CONVERSION = YES;
				CLANG_WARN_OBJC_ROOT_CLASS = YES_ERROR;
				CLANG_WARN_RANGE_LOOP_ANALYSIS = YES;
				CLANG_WARN_STRICT_PROTOTYPES = YES;
				CLANG_WARN_SUSPICIOUS_MOVE = YES;
				CLANG_WARN_UNGUARDED_AVAILABILITY = YES_AGGRESSIVE;
				CLANG_WARN_UNREACHABLE_CODE = YES;
				CLANG_WARN__DUPLICATE_METHOD_MATCH = YES;
				CODE_SIGN_IDENTITY = "iPhone Developer";
				COPY_PHASE_STRIP = NO;
				DEBUG_INFORMATION_FORMAT = "dwarf-with-dsym";
				ENABLE_NS_ASSERTIONS = NO;
				ENABLE_STRICT_OBJC_MSGSEND = YES;
				GCC_C_LANGUAGE_STANDARD = gnu11;
				GCC_NO_COMMON_BLOCKS = YES;
				GCC_PREFIX_HEADER = ReadRss/Support/ReadRss.pch;
				GCC_WARN_64_TO_32_BIT_CONVERSION = YES;
				GCC_WARN_ABOUT_RETURN_TYPE = YES_ERROR;
				GCC_WARN_UNDECLARED_SELECTOR = YES;
				GCC_WARN_UNINITIALIZED_AUTOS = YES_AGGRESSIVE;
				GCC_WARN_UNUSED_FUNCTION = YES;
				GCC_WARN_UNUSED_VARIABLE = YES;
				IPHONEOS_DEPLOYMENT_TARGET = 12.0;
				MTL_ENABLE_DEBUG_INFO = NO;
				MTL_FAST_MATH = YES;
				SDKROOT = iphoneos;
				VALIDATE_PRODUCT = YES;
			};
			name = Release;
		};
		14B2FD37217980C10065E8A4 /* Debug */ = {
			isa = XCBuildConfiguration;
			baseConfigurationReference = 34E529D8584CAA1F5740FE15 /* Pods-Common-ReadRss.debug.xcconfig */;
			buildSettings = {
				ASSETCATALOG_COMPILER_APPICON_NAME = AppIcon;
				CODE_SIGN_STYLE = Automatic;
				DEVELOPMENT_TEAM = K5MLCDAX8L;
				INFOPLIST_FILE = ReadRss/Info.plist;
				LD_RUNPATH_SEARCH_PATHS = (
					"$(inherited)",
					"@executable_path/Frameworks",
				);
				PRODUCT_BUNDLE_IDENTIFIER = com.app.cheng.ReadRss;
				PRODUCT_NAME = "$(TARGET_NAME)";
				TARGETED_DEVICE_FAMILY = "1,2";
			};
			name = Debug;
		};
		14B2FD38217980C10065E8A4 /* Release */ = {
			isa = XCBuildConfiguration;
			baseConfigurationReference = 6F657B823F40A7BFCAA6CBE0 /* Pods-Common-ReadRss.release.xcconfig */;
			buildSettings = {
				ASSETCATALOG_COMPILER_APPICON_NAME = AppIcon;
				CODE_SIGN_STYLE = Automatic;
				DEVELOPMENT_TEAM = K5MLCDAX8L;
				INFOPLIST_FILE = ReadRss/Info.plist;
				LD_RUNPATH_SEARCH_PATHS = (
					"$(inherited)",
					"@executable_path/Frameworks",
				);
				PRODUCT_BUNDLE_IDENTIFIER = com.app.cheng.ReadRss;
				PRODUCT_NAME = "$(TARGET_NAME)";
				TARGETED_DEVICE_FAMILY = "1,2";
			};
			name = Release;
		};
		14B2FD3A217980C10065E8A4 /* Debug */ = {
			isa = XCBuildConfiguration;
			buildSettings = {
				BUNDLE_LOADER = "$(TEST_HOST)";
				CODE_SIGN_STYLE = Automatic;
				INFOPLIST_FILE = ReadRssTests/Info.plist;
				LD_RUNPATH_SEARCH_PATHS = (
					"$(inherited)",
					"@executable_path/Frameworks",
					"@loader_path/Frameworks",
				);
				PRODUCT_BUNDLE_IDENTIFIER = com.app.cheng.ReadRssTests;
				PRODUCT_NAME = "$(TARGET_NAME)";
				TARGETED_DEVICE_FAMILY = "1,2";
				TEST_HOST = "$(BUILT_PRODUCTS_DIR)/ReadRss.app/ReadRss";
			};
			name = Debug;
		};
		14B2FD3B217980C10065E8A4 /* Release */ = {
			isa = XCBuildConfiguration;
			buildSettings = {
				BUNDLE_LOADER = "$(TEST_HOST)";
				CODE_SIGN_STYLE = Automatic;
				INFOPLIST_FILE = ReadRssTests/Info.plist;
				LD_RUNPATH_SEARCH_PATHS = (
					"$(inherited)",
					"@executable_path/Frameworks",
					"@loader_path/Frameworks",
				);
				PRODUCT_BUNDLE_IDENTIFIER = com.app.cheng.ReadRssTests;
				PRODUCT_NAME = "$(TARGET_NAME)";
				TARGETED_DEVICE_FAMILY = "1,2";
				TEST_HOST = "$(BUILT_PRODUCTS_DIR)/ReadRss.app/ReadRss";
			};
			name = Release;
		};
		14B2FD3D217980C10065E8A4 /* Debug */ = {
			isa = XCBuildConfiguration;
			buildSettings = {
				CODE_SIGN_STYLE = Automatic;
				INFOPLIST_FILE = ReadRssUITests/Info.plist;
				LD_RUNPATH_SEARCH_PATHS = (
					"$(inherited)",
					"@executable_path/Frameworks",
					"@loader_path/Frameworks",
				);
				PRODUCT_BUNDLE_IDENTIFIER = com.app.cheng.ReadRssUITests;
				PRODUCT_NAME = "$(TARGET_NAME)";
				TARGETED_DEVICE_FAMILY = "1,2";
				TEST_TARGET_NAME = ReadRss;
			};
			name = Debug;
		};
		14B2FD3E217980C10065E8A4 /* Release */ = {
			isa = XCBuildConfiguration;
			buildSettings = {
				CODE_SIGN_STYLE = Automatic;
				INFOPLIST_FILE = ReadRssUITests/Info.plist;
				LD_RUNPATH_SEARCH_PATHS = (
					"$(inherited)",
					"@executable_path/Frameworks",
					"@loader_path/Frameworks",
				);
				PRODUCT_BUNDLE_IDENTIFIER = com.app.cheng.ReadRssUITests;
				PRODUCT_NAME = "$(TARGET_NAME)";
				TARGETED_DEVICE_FAMILY = "1,2";
				TEST_TARGET_NAME = ReadRss;
			};
			name = Release;
		};
/* End XCBuildConfiguration section */

/* Begin XCConfigurationList section */
		14B2FD05217980BD0065E8A4 /* Build configuration list for PBXProject "ReadRss" */ = {
			isa = XCConfigurationList;
			buildConfigurations = (
				14B2FD34217980C10065E8A4 /* Debug */,
				14B2FD35217980C10065E8A4 /* Release */,
			);
			defaultConfigurationIsVisible = 0;
			defaultConfigurationName = Release;
		};
		14B2FD36217980C10065E8A4 /* Build configuration list for PBXNativeTarget "ReadRss" */ = {
			isa = XCConfigurationList;
			buildConfigurations = (
				14B2FD37217980C10065E8A4 /* Debug */,
				14B2FD38217980C10065E8A4 /* Release */,
			);
			defaultConfigurationIsVisible = 0;
			defaultConfigurationName = Release;
		};
		14B2FD39217980C10065E8A4 /* Build configuration list for PBXNativeTarget "ReadRssTests" */ = {
			isa = XCConfigurationList;
			buildConfigurations = (
				14B2FD3A217980C10065E8A4 /* Debug */,
				14B2FD3B217980C10065E8A4 /* Release */,
			);
			defaultConfigurationIsVisible = 0;
			defaultConfigurationName = Release;
		};
		14B2FD3C217980C10065E8A4 /* Build configuration list for PBXNativeTarget "ReadRssUITests" */ = {
			isa = XCConfigurationList;
			buildConfigurations = (
				14B2FD3D217980C10065E8A4 /* Debug */,
				14B2FD3E217980C10065E8A4 /* Release */,
			);
			defaultConfigurationIsVisible = 0;
			defaultConfigurationName = Release;
		};
/* End XCConfigurationList section */
	};
	rootObject = 14B2FD02217980BD0065E8A4 /* Project object */;
}
